# THIS IS AN AUTOGENERATED FILE. DO NOT EDIT THIS FILE DIRECTLY.
# yarn lockfile v1


"@arkweid/lefthook@^0.7.6":
  version "0.7.6"
  resolved "https://registry.yarnpkg.com/@arkweid/lefthook/-/lefthook-0.7.6.tgz#0647f698a6ae9a42440846911a277a370359d861"
  integrity sha512-dm8UE0+9sbDRFJ6BMYpOrg56W3/wpZq2eBkGsCM+iSBrEKQF8hXFZ4eEEBxo25yfEPNVZguN/FbZcRmkeCyRiA==

"@hotwired/turbo@^7.0.1":
  version "7.0.1"
  resolved "https://registry.yarnpkg.com/@hotwired/turbo/-/turbo-7.0.1.tgz#2a8c6ab2f24914d1d47f3a7a7779e2881e8c61a0"
  integrity sha512-awqraytYXbHV2NT0WAOnDDDGJeHHnFtnztdXvRuIqgsStUtPKM8B9H7ISm77SwbHemEjxEOB8Ku4RfNbEEXsPQ==

"@rails/ujs@^6.1.4":
  version "6.1.4"
  resolved "https://registry.yarnpkg.com/@rails/ujs/-/ujs-6.1.4.tgz#093d5341595a02089ed309dec40f3c37da7b1b10"
  integrity sha512-O3lEzL5DYbxppMdsFSw36e4BHIlfz/xusynwXGv3l2lhSlvah41qviRpsoAlKXxl37nZAqK+UUF5cnGGK45Mfw==

"@stimulus/core@^2.0.0":
  version "2.0.0"
  resolved "https://registry.yarnpkg.com/@stimulus/core/-/core-2.0.0.tgz#140c85318d6a8a8210c0faf182223b8459348877"
  integrity sha512-ff70GafKtzc8zQ1/cG+UvL06GcifPWovf2wBEdjLMh9xO2GOYURO3y2RYgzIGYUIBefQwyfX2CLfJdZFJrEPTw==
  dependencies:
    "@stimulus/mutation-observers" "^2.0.0"

"@stimulus/multimap@^2.0.0":
  version "2.0.0"
  resolved "https://registry.yarnpkg.com/@stimulus/multimap/-/multimap-2.0.0.tgz#420cfa096ed6538df4a91dbd2b2842c1779952b2"
  integrity sha512-pMBCewkZCFVB3e5mEMoyO9+9aKzHDITmf3OnPun51YWxlcPdHcwbjqm1ylK63fsoduIE+RowBpFwFqd3poEz4w==

"@stimulus/mutation-observers@^2.0.0":
  version "2.0.0"
  resolved "https://registry.yarnpkg.com/@stimulus/mutation-observers/-/mutation-observers-2.0.0.tgz#3dbe37453bda47a6c795a90204ee8d77a799fb87"
  integrity sha512-kx4VAJdPhIGBQKGIoUDC2tupEKorG3A+ckc2b1UiwInKTMAC1axOHU8ebcwhaJIxRqIrs8//4SJo9YAAOx6FEg==
  dependencies:
    "@stimulus/multimap" "^2.0.0"

"@stimulus/webpack-helpers@^2.0.0":
  version "2.0.0"
  resolved "https://registry.yarnpkg.com/@stimulus/webpack-helpers/-/webpack-helpers-2.0.0.tgz#54296d2a2dffd4f962d2e802d99a3fdd84b8845f"
  integrity sha512-D6tJWsAC024MwGEIKlUVYU8Ln87mlrmiwHvYAjipg+s8H4eLxUMQ3PZkWyPevfipH+oR3leuHsjYsK1gN5ViQA==

"@yaireo/tagify@^3.25.0":
  version "3.25.0"
  resolved "https://registry.yarnpkg.com/@yaireo/tagify/-/tagify-3.25.0.tgz#4a0728cf68c713ae16c25d52393a910e2dfb5875"
  integrity sha512-aBRkGDkWdv6ZnRUCcA0mBIK5f3YegnxlFO9vj9zN5zSAUO90m2v5TsOPYN60sk6RNU/y556oc8jAmeSY7FUvaQ==

clipboard-polyfill@^3.0.3:
  version "3.0.3"
  resolved "https://registry.yarnpkg.com/clipboard-polyfill/-/clipboard-polyfill-3.0.3.tgz#159ea0768e20edc7ffda404bd13c54c73de4ff40"
  integrity sha512-hts0o01ZkwjA1qHA5gFePzAj/780W7v+eyN3GdaCRyDnapzcPsKRV5aodv77gcr40NDIcyNjNmc+HvfKV+jD0g==

prettier@^2.4.1:
  version "2.4.1"
  resolved "https://registry.yarnpkg.com/prettier/-/prettier-2.4.1.tgz#671e11c89c14a4cfc876ce564106c4a6726c9f5c"
  integrity sha512-9fbDAXSBcc6Bs1mZrDYb3XKzDLm4EXXL9sC1LqKP5rZkT6KRr/rf9amVUcODVXgguK/isJz0d0hP72WeaKWsvA==

stimulus@^2.0.0:
  version "2.0.0"
  resolved "https://registry.yarnpkg.com/stimulus/-/stimulus-2.0.0.tgz#713c8b91a72ef90914b90955f0e705f004403047"
  integrity sha512-xipy7BS5TVpg4fX6S8LhrYZp7cmHGjmk09WSAiVx1gF5S5g43IWsuetfUhIk8HfHUG+4MQ9nY0FQz4dRFLs/8w==
  dependencies:
    "@stimulus/core" "^2.0.0"
    "@stimulus/webpack-helpers" "^2.0.0"
